
Microsoft Visual Studio Solution File, Format Version 9.00
# Visual Studio 2005
Project("{8BC9CEB8-8B4A-11D0-8D11-00A0C91BC942}") = "2_10_2B字符串和数学运算式的分割", "2_10_2B\2_10_2B.vcproj", "{F7BDF854-0CAD-4EB7-A4C0-35A3755748BA}"
EndProject
Project("{8BC9CEB8-8B4A-11D0-8D11-00A0C91BC942}") = "2_2A输入英语成绩和计算平均成绩", "2_2A输入英语成绩和计算平均成绩\2_2A.vcproj", "{4189CA4A-D590-47F0-9B14-7295311993D9}"
EndProject
Project("{8BC9CEB8-8B4A-11D0-8D11-00A0C91BC942}") = "2_2B输入各科成绩和计算各科平均成绩", "2_2B输入各科成绩和计算各科平均成绩\2_2B.vcproj", "{5195BFEE-0A93-4781-9E8E-B45074C82F47}"
EndProject
Project("{8BC9CEB8-8B4A-11D0-8D11-00A0C91BC942}") = "2_3用学生编号来查询或修改成绩", "2_3用学生编号来查询或修改成绩\2_3.vcproj", "{5AF53553-2921-4025-B92A-C30816A3885E}"
EndProject
Project("{8BC9CEB8-8B4A-11D0-8D11-00A0C91BC942}") = "2_4A用学生成绩来查询学号", "2_4A用学生成绩来查询学号\2_4A.vcproj", "{1D97A20C-CA94-4467-890F-F23E4222AC98}"
EndProject
Project("{8BC9CEB8-8B4A-11D0-8D11-00A0C91BC942}") = "2_4B创建pointer数组和输出59到67的内容", "2_4B创建pointer数组和输出59到67的内容\2_4B.vcproj", "{64AE9170-F5CF-4137-92CB-74C5052A0C5D}"
EndProject
Project("{8BC9CEB8-8B4A-11D0-8D11-00A0C91BC942}") = "2_4C使用pointer阵列来查询", "2_4C使用pointer阵列来查询\2_4C.vcproj", "{B93EF7F5-3C3D-42BD-807D-8FCCF2951874}"
EndProject
Project("{8BC9CEB8-8B4A-11D0-8D11-00A0C91BC942}") = "2_5A查询上课的课目", "2_5A查询上课的课目\2_5A.vcproj", "{06B8E2E3-3A03-4651-804C-EE1613A76E0C}"
EndProject
Project("{8BC9CEB8-8B4A-11D0-8D11-00A0C91BC942}") = "2_5B计算出一星期的课程总数", "2_5B计算出一星期的课程总数\2_5B.vcproj", "{865D1278-5D29-4713-A38A-EF6E4177C766}"
EndProject
Project("{8BC9CEB8-8B4A-11D0-8D11-00A0C91BC942}") = "2_6_1A计算出一星期的课程总数.(以列为主)", "2_6_1A计算出一星期的课程总数.(以列为主)\2_6_1A.vcproj", "{F08D1E2D-513D-4EFE-BFEE-3973C9119EEB}"
EndProject
Project("{8BC9CEB8-8B4A-11D0-8D11-00A0C91BC942}") = "2_6_1B计算出一星期的课程总数.(以行为主)", "2_6_1B计算出一星期的课程总数.(以行为主)\2_6_1B.vcproj", "{0BAC972A-E544-42A6-A7A8-B4AC73831160}"
EndProject
Project("{8BC9CEB8-8B4A-11D0-8D11-00A0C91BC942}") = "2_6_2A计算出一星期的课程总数.(指标阵列)", "2_6_2A计算出一星期的课程总数.(指标阵列)\2_6_2A.vcproj", "{BC273B83-9537-4877-84A1-E502825E7234}"
EndProject
Project("{8BC9CEB8-8B4A-11D0-8D11-00A0C91BC942}") = "2_6_2B计算出一星期的课程总数.(指标阵列)", "2_6_2B计算出一星期的课程总数.(指标阵列)\2_6_2B.vcproj", "{0FE47A51-3678-4E8F-8E5B-C098DB0E3831}"
EndProject
Project("{8BC9CEB8-8B4A-11D0-8D11-00A0C91BC942}") = "2_7稀疏阵列之压缩的表示法", "2_7稀疏阵列之压缩的表示法\2_7.vcproj", "{1CA235BD-1995-4AE0-B396-4E38EA09EA2E}"
EndProject
Project("{8BC9CEB8-8B4A-11D0-8D11-00A0C91BC942}") = "2_8A输入字串且将之印出", "2_8A输入字串且将之印出\2_8A.vcproj", "{5067C910-C3BB-4005-8DFF-14BD3F0E3199}"
EndProject
Project("{8BC9CEB8-8B4A-11D0-8D11-00A0C91BC942}") = "2_8B输入字串且将之印出", "2_8B输入字串且将之印出\2_8B.vcproj", "{78229F18-9DC7-48C2-A15A-7C96E4387EB5}"
EndProject
Project("{8BC9CEB8-8B4A-11D0-8D11-00A0C91BC942}") = "2_8C使用字元阵列来储存格式字串", "2_8C使用字元阵列来储存格式字串\2_8C.vcproj", "{D29D407E-E5E4-4801-A783-F315D9B84647}"
EndProject
Project("{8BC9CEB8-8B4A-11D0-8D11-00A0C91BC942}") = "2_8D输入字串且将之印出", "2_8D输入字串且将之印出\2_8D.vcproj", "{4DE05B6E-B4BE-4778-B31C-651B354D6E05}"
EndProject
Project("{8BC9CEB8-8B4A-11D0-8D11-00A0C91BC942}") = "2_9_1字串拷贝", "2_9_1字串拷贝\2_9_1.vcproj", "{4B41AB25-0C98-4385-B6B2-5480153B2B73}"
EndProject
Project("{8BC9CEB8-8B4A-11D0-8D11-00A0C91BC942}") = "2_9_2结合两字串", "2_9_2结合两字串\2_9_2.vcproj", "{819ED394-E458-4B0A-AD3B-6F49069577DA}"
EndProject
Project("{8BC9CEB8-8B4A-11D0-8D11-00A0C91BC942}") = "2_9_3从某位置取代字串", "2_9_3从某位置取代字串\2_9_3.vcproj", "{9D474E43-4D16-4238-8950-227F3C8E4A1E}"
EndProject
Project("{8BC9CEB8-8B4A-11D0-8D11-00A0C91BC942}") = "2_9_4插入某长度字串", "2_9_4插入某长度字串\2_9_4.vcproj", "{054C9076-E336-4138-9036-8507B9FE76CC}"
EndProject
Project("{8BC9CEB8-8B4A-11D0-8D11-00A0C91BC942}") = "2_9_5字串删除", "2_9_5字串删除\2_9_5.vcproj", "{46602120-204F-41C6-AD9F-D9F12D729CAE}"
EndProject
Project("{8BC9CEB8-8B4A-11D0-8D11-00A0C91BC942}") = "2_9_6字串比较", "2_9_6字串比较\2_9_6.vcproj", "{B440F242-3989-4107-936A-845657D1C264}"
EndProject
Project("{8BC9CEB8-8B4A-11D0-8D11-00A0C91BC942}") = "2_9_7萃取子字串", "2_9_7萃取子字串\2_9_7.vcproj", "{14D0887F-891E-4631-8CB4-4B675FD5FB77}"
EndProject
Project("{8BC9CEB8-8B4A-11D0-8D11-00A0C91BC942}") = "2_9计算字串长度", "2_9计算字串长度\2_9.vcproj", "{BD1B92CD-6FEC-472F-8ED0-1864B74B0B3C}"
EndProject
Project("{8BC9CEB8-8B4A-11D0-8D11-00A0C91BC942}") = "2_10_1在字符串中找寻子字符串", "2_10_1在字符串中找寻子字符串\2_10_1.vcproj", "{7156EF46-7679-46BD-B36F-5A288C3F8D23}"
EndProject
Project("{8BC9CEB8-8B4A-11D0-8D11-00A0C91BC942}") = "2_10_2A字符串的分割", "2_10_2A字符串的分割\2_10_2A.vcproj", "{B86A4179-8822-4997-8699-A67D2EAED3D3}"
EndProject
Global
	GlobalSection(SolutionConfigurationPlatforms) = preSolution
		Debug|Win32 = Debug|Win32
		Release|Win32 = Release|Win32
	EndGlobalSection
	GlobalSection(ProjectConfigurationPlatforms) = postSolution
		{F7BDF854-0CAD-4EB7-A4C0-35A3755748BA}.Debug|Win32.ActiveCfg = Debug|Win32
		{F7BDF854-0CAD-4EB7-A4C0-35A3755748BA}.Debug|Win32.Build.0 = Debug|Win32
		{F7BDF854-0CAD-4EB7-A4C0-35A3755748BA}.Release|Win32.ActiveCfg = Release|Win32
		{F7BDF854-0CAD-4EB7-A4C0-35A3755748BA}.Release|Win32.Build.0 = Release|Win32
		{4189CA4A-D590-47F0-9B14-7295311993D9}.Debug|Win32.ActiveCfg = Debug|Win32
		{4189CA4A-D590-47F0-9B14-7295311993D9}.Debug|Win32.Build.0 = Debug|Win32
		{4189CA4A-D590-47F0-9B14-7295311993D9}.Release|Win32.ActiveCfg = Release|Win32
		{4189CA4A-D590-47F0-9B14-7295311993D9}.Release|Win32.Build.0 = Release|Win32
		{5195BFEE-0A93-4781-9E8E-B45074C82F47}.Debug|Win32.ActiveCfg = Debug|Win32
		{5195BFEE-0A93-4781-9E8E-B45074C82F47}.Debug|Win32.Build.0 = Debug|Win32
		{5195BFEE-0A93-4781-9E8E-B45074C82F47}.Release|Win32.ActiveCfg = Release|Win32
		{5195BFEE-0A93-4781-9E8E-B45074C82F47}.Release|Win32.Build.0 = Release|Win32
		{5AF53553-2921-4025-B92A-C30816A3885E}.Debug|Win32.ActiveCfg = Debug|Win32
		{5AF53553-2921-4025-B92A-C30816A3885E}.Debug|Win32.Build.0 = Debug|Win32
		{5AF53553-2921-4025-B92A-C30816A3885E}.Release|Win32.ActiveCfg = Release|Win32
		{5AF53553-2921-4025-B92A-C30816A3885E}.Release|Win32.Build.0 = Release|Win32
		{1D97A20C-CA94-4467-890F-F23E4222AC98}.Debug|Win32.ActiveCfg = Debug|Win32
		{1D97A20C-CA94-4467-890F-F23E4222AC98}.Debug|Win32.Build.0 = Debug|Win32
		{1D97A20C-CA94-4467-890F-F23E4222AC98}.Release|Win32.ActiveCfg = Release|Win32
		{1D97A20C-CA94-4467-890F-F23E4222AC98}.Release|Win32.Build.0 = Release|Win32
		{64AE9170-F5CF-4137-92CB-74C5052A0C5D}.Debug|Win32.ActiveCfg = Debug|Win32
		{64AE9170-F5CF-4137-92CB-74C5052A0C5D}.Debug|Win32.Build.0 = Debug|Win32
		{64AE9170-F5CF-4137-92CB-74C5052A0C5D}.Release|Win32.ActiveCfg = Release|Win32
		{64AE9170-F5CF-4137-92CB-74C5052A0C5D}.Release|Win32.Build.0 = Release|Win32
		{B93EF7F5-3C3D-42BD-807D-8FCCF2951874}.Debug|Win32.ActiveCfg = Debug|Win32
		{B93EF7F5-3C3D-42BD-807D-8FCCF2951874}.Debug|Win32.Build.0 = Debug|Win32
		{B93EF7F5-3C3D-42BD-807D-8FCCF2951874}.Release|Win32.ActiveCfg = Release|Win32
		{B93EF7F5-3C3D-42BD-807D-8FCCF2951874}.Release|Win32.Build.0 = Release|Win32
		{06B8E2E3-3A03-4651-804C-EE1613A76E0C}.Debug|Win32.ActiveCfg = Debug|Win32
		{06B8E2E3-3A03-4651-804C-EE1613A76E0C}.Debug|Win32.Build.0 = Debug|Win32
		{06B8E2E3-3A03-4651-804C-EE1613A76E0C}.Release|Win32.ActiveCfg = Release|Win32
		{06B8E2E3-3A03-4651-804C-EE1613A76E0C}.Release|Win32.Build.0 = Release|Win32
		{865D1278-5D29-4713-A38A-EF6E4177C766}.Debug|Win32.ActiveCfg = Debug|Win32
		{865D1278-5D29-4713-A38A-EF6E4177C766}.Debug|Win32.Build.0 = Debug|Win32
		{865D1278-5D29-4713-A38A-EF6E4177C766}.Release|Win32.ActiveCfg = Release|Win32
		{865D1278-5D29-4713-A38A-EF6E4177C766}.Release|Win32.Build.0 = Release|Win32
		{F08D1E2D-513D-4EFE-BFEE-3973C9119EEB}.Debug|Win32.ActiveCfg = Debug|Win32
		{F08D1E2D-513D-4EFE-BFEE-3973C9119EEB}.Debug|Win32.Build.0 = Debug|Win32
		{F08D1E2D-513D-4EFE-BFEE-3973C9119EEB}.Release|Win32.ActiveCfg = Release|Win32
		{F08D1E2D-513D-4EFE-BFEE-3973C9119EEB}.Release|Win32.Build.0 = Release|Win32
		{0BAC972A-E544-42A6-A7A8-B4AC73831160}.Debug|Win32.ActiveCfg = Debug|Win32
		{0BAC972A-E544-42A6-A7A8-B4AC73831160}.Debug|Win32.Build.0 = Debug|Win32
		{0BAC972A-E544-42A6-A7A8-B4AC73831160}.Release|Win32.ActiveCfg = Release|Win32
		{0BAC972A-E544-42A6-A7A8-B4AC73831160}.Release|Win32.Build.0 = Release|Win32
		{BC273B83-9537-4877-84A1-E502825E7234}.Debug|Win32.ActiveCfg = Debug|Win32
		{BC273B83-9537-4877-84A1-E502825E7234}.Debug|Win32.Build.0 = Debug|Win32
		{BC273B83-9537-4877-84A1-E502825E7234}.Release|Win32.ActiveCfg = Release|Win32
		{BC273B83-9537-4877-84A1-E502825E7234}.Release|Win32.Build.0 = Release|Win32
		{0FE47A51-3678-4E8F-8E5B-C098DB0E3831}.Debug|Win32.ActiveCfg = Debug|Win32
		{0FE47A51-3678-4E8F-8E5B-C098DB0E3831}.Debug|Win32.Build.0 = Debug|Win32
		{0FE47A51-3678-4E8F-8E5B-C098DB0E3831}.Release|Win32.ActiveCfg = Release|Win32
		{0FE47A51-3678-4E8F-8E5B-C098DB0E3831}.Release|Win32.Build.0 = Release|Win32
		{1CA235BD-1995-4AE0-B396-4E38EA09EA2E}.Debug|Win32.ActiveCfg = Debug|Win32
		{1CA235BD-1995-4AE0-B396-4E38EA09EA2E}.Debug|Win32.Build.0 = Debug|Win32
		{1CA235BD-1995-4AE0-B396-4E38EA09EA2E}.Release|Win32.ActiveCfg = Release|Win32
		{1CA235BD-1995-4AE0-B396-4E38EA09EA2E}.Release|Win32.Build.0 = Release|Win32
		{5067C910-C3BB-4005-8DFF-14BD3F0E3199}.Debug|Win32.ActiveCfg = Debug|Win32
		{5067C910-C3BB-4005-8DFF-14BD3F0E3199}.Debug|Win32.Build.0 = Debug|Win32
		{5067C910-C3BB-4005-8DFF-14BD3F0E3199}.Release|Win32.ActiveCfg = Release|Win32
		{5067C910-C3BB-4005-8DFF-14BD3F0E3199}.Release|Win32.Build.0 = Release|Win32
		{78229F18-9DC7-48C2-A15A-7C96E4387EB5}.Debug|Win32.ActiveCfg = Debug|Win32
		{78229F18-9DC7-48C2-A15A-7C96E4387EB5}.Debug|Win32.Build.0 = Debug|Win32
		{78229F18-9DC7-48C2-A15A-7C96E4387EB5}.Release|Win32.ActiveCfg = Release|Win32
		{78229F18-9DC7-48C2-A15A-7C96E4387EB5}.Release|Win32.Build.0 = Release|Win32
		{D29D407E-E5E4-4801-A783-F315D9B84647}.Debug|Win32.ActiveCfg = Debug|Win32
		{D29D407E-E5E4-4801-A783-F315D9B84647}.Debug|Win32.Build.0 = Debug|Win32
		{D29D407E-E5E4-4801-A783-F315D9B84647}.Release|Win32.ActiveCfg = Release|Win32
		{D29D407E-E5E4-4801-A783-F315D9B84647}.Release|Win32.Build.0 = Release|Win32
		{4DE05B6E-B4BE-4778-B31C-651B354D6E05}.Debug|Win32.ActiveCfg = Debug|Win32
		{4DE05B6E-B4BE-4778-B31C-651B354D6E05}.Debug|Win32.Build.0 = Debug|Win32
		{4DE05B6E-B4BE-4778-B31C-651B354D6E05}.Release|Win32.ActiveCfg = Release|Win32
		{4DE05B6E-B4BE-4778-B31C-651B354D6E05}.Release|Win32.Build.0 = Release|Win32
		{4B41AB25-0C98-4385-B6B2-5480153B2B73}.Debug|Win32.ActiveCfg = Debug|Win32
		{4B41AB25-0C98-4385-B6B2-5480153B2B73}.Debug|Win32.Build.0 = Debug|Win32
		{4B41AB25-0C98-4385-B6B2-5480153B2B73}.Release|Win32.ActiveCfg = Release|Win32
		{4B41AB25-0C98-4385-B6B2-5480153B2B73}.Release|Win32.Build.0 = Release|Win32
		{819ED394-E458-4B0A-AD3B-6F49069577DA}.Debug|Win32.ActiveCfg = Debug|Win32
		{819ED394-E458-4B0A-AD3B-6F49069577DA}.Debug|Win32.Build.0 = Debug|Win32
		{819ED394-E458-4B0A-AD3B-6F49069577DA}.Release|Win32.ActiveCfg = Release|Win32
		{819ED394-E458-4B0A-AD3B-6F49069577DA}.Release|Win32.Build.0 = Release|Win32
		{9D474E43-4D16-4238-8950-227F3C8E4A1E}.Debug|Win32.ActiveCfg = Debug|Win32
		{9D474E43-4D16-4238-8950-227F3C8E4A1E}.Debug|Win32.Build.0 = Debug|Win32
		{9D474E43-4D16-4238-8950-227F3C8E4A1E}.Release|Win32.ActiveCfg = Release|Win32
		{9D474E43-4D16-4238-8950-227F3C8E4A1E}.Release|Win32.Build.0 = Release|Win32
		{054C9076-E336-4138-9036-8507B9FE76CC}.Debug|Win32.ActiveCfg = Debug|Win32
		{054C9076-E336-4138-9036-8507B9FE76CC}.Debug|Win32.Build.0 = Debug|Win32
		{054C9076-E336-4138-9036-8507B9FE76CC}.Release|Win32.ActiveCfg = Release|Win32
		{054C9076-E336-4138-9036-8507B9FE76CC}.Release|Win32.Build.0 = Release|Win32
		{46602120-204F-41C6-AD9F-D9F12D729CAE}.Debug|Win32.ActiveCfg = Debug|Win32
		{46602120-204F-41C6-AD9F-D9F12D729CAE}.Debug|Win32.Build.0 = Debug|Win32
		{46602120-204F-41C6-AD9F-D9F12D729CAE}.Release|Win32.ActiveCfg = Release|Win32
		{46602120-204F-41C6-AD9F-D9F12D729CAE}.Release|Win32.Build.0 = Release|Win32
		{B440F242-3989-4107-936A-845657D1C264}.Debug|Win32.ActiveCfg = Debug|Win32
		{B440F242-3989-4107-936A-845657D1C264}.Debug|Win32.Build.0 = Debug|Win32
		{B440F242-3989-4107-936A-845657D1C264}.Release|Win32.ActiveCfg = Release|Win32
		{B440F242-3989-4107-936A-845657D1C264}.Release|Win32.Build.0 = Release|Win32
		{14D0887F-891E-4631-8CB4-4B675FD5FB77}.Debug|Win32.ActiveCfg = Debug|Win32
		{14D0887F-891E-4631-8CB4-4B675FD5FB77}.Debug|Win32.Build.0 = Debug|Win32
		{14D0887F-891E-4631-8CB4-4B675FD5FB77}.Release|Win32.ActiveCfg = Release|Win32
		{14D0887F-891E-4631-8CB4-4B675FD5FB77}.Release|Win32.Build.0 = Release|Win32
		{BD1B92CD-6FEC-472F-8ED0-1864B74B0B3C}.Debug|Win32.ActiveCfg = Debug|Win32
		{BD1B92CD-6FEC-472F-8ED0-1864B74B0B3C}.Debug|Win32.Build.0 = Debug|Win32
		{BD1B92CD-6FEC-472F-8ED0-1864B74B0B3C}.Release|Win32.ActiveCfg = Release|Win32
		{BD1B92CD-6FEC-472F-8ED0-1864B74B0B3C}.Release|Win32.Build.0 = Release|Win32
		{7156EF46-7679-46BD-B36F-5A288C3F8D23}.Debug|Win32.ActiveCfg = Debug|Win32
		{7156EF46-7679-46BD-B36F-5A288C3F8D23}.Debug|Win32.Build.0 = Debug|Win32
		{7156EF46-7679-46BD-B36F-5A288C3F8D23}.Release|Win32.ActiveCfg = Release|Win32
		{7156EF46-7679-46BD-B36F-5A288C3F8D23}.Release|Win32.Build.0 = Release|Win32
		{B86A4179-8822-4997-8699-A67D2EAED3D3}.Debug|Win32.ActiveCfg = Debug|Win32
		{B86A4179-8822-4997-8699-A67D2EAED3D3}.Debug|Win32.Build.0 = Debug|Win32
		{B86A4179-8822-4997-8699-A67D2EAED3D3}.Release|Win32.ActiveCfg = Release|Win32
		{B86A4179-8822-4997-8699-A67D2EAED3D3}.Release|Win32.Build.0 = Release|Win32
	EndGlobalSection
	GlobalSection(SolutionProperties) = preSolution
		HideSolutionNode = FALSE
	EndGlobalSection
EndGlobal
